{
  "nodes": {
    "agent-toolkit": {
      "flake": false,
      "locked": {
        "lastModified": 1772729184,
        "narHash": "sha256-1q4IP55kvZhJibTLJct0SSifw46lBmAQhp9nSmDzYxs=",
        "ref": "refs/heads/main",
        "rev": "3027f20f3181758385a1bb8c022d4041dfb4de84",
        "shallow": true,
        "type": "git",
        "url": "https://github.com/softaworks/agent-toolkit.git"
      },
      "original": {
        "shallow": true,
        "type": "git",
        "url": "https://github.com/softaworks/agent-toolkit.git"
      }
    },
    "brew-src": {
      "flake": false,
      "locked": {
        "lastModified": 1789661079,
        "narHash": "sha256-geVTQ51PGZ1mLULM5k7wO7qt/6xenOR/YG8X7Q3eCaI=",
        "ref": "refs/heads/main",
        "rev": "edb70f031e4170c780799633a1226ff73e1077f4",
        "shallow": true,
        "type": "git",
        "url": "https://github.com/Homebrew/brew.git"
      },
      "original": {
        "rev": "edb70f031e4170c780799633a1226ff73e1077f4",
        "shallow": true,
        "type": "git",
        "url": "https://github.com/Homebrew/brew.git"
      }
    },
    "bun2nix": {
      "inputs": {
        "flake-parts": [
          "llm-agents",
          "flake-parts"
        ],
        "nixpkgs": [
          "llm-agents",
          "nixpkgs"
        ],
        "systems": [
          "llm-agents",
          "systems"
        ],
        "treefmt-nix": [
          "llm-agents",
          "treefmt-nix"
        ]
      },
      "locked": {
        "lastModified": 1790001035,
        "narHash": "sha256-1/SLBjSYBzDdDhvLQ83wrzBakyS/xNGgtxHGNuveOEQ=",
        "ref": "refs/heads/master",
        "rev": "07a5bfc8ac36c5370199343fa620b69f63186e33",
        "shallow": true,
        "type": "git",
        "url": "https://github.com/Mic92/bun2nix.git"
      },
      "original": {
        "rev": "07a5bfc8ac36c5370199343fa620b69f63186e33",
        "shallow": true,
        "type": "git",
        "url": "https://github.com/Mic92/bun2nix.git"
      }
    },
    "camofox-browser-source": {
      "flake": false,
      "locked": {
        "lastModified": 1790120353,
        "narHash": "sha256-Rwg2rw2lXSif6uYixmQfjrJu+DztbgKJKBG4DAmWGis=",
        "ref": "master",
        "rev": "389c996ae3c7d42e539295a336ee6f975847f066",
        "shallow": true,
        "type": "git",
        "url": "https://github.com/jo-inc/camofox-browser.git"
      },
      "original": {
        "ref": "master",
        "shallow": true,
        "type": "git",
        "url": "https://github.com/jo-inc/camofox-browser.git"
      }
    },
    "context-mode-source": {
      "flake": false,
      "locked": {
        "lastModified": 1790251624,
        "narHash": "sha256-4m7iVQG70CW1mmEG5OPj1369IDNqudrq6aJFaRz59qI=",
        "ref": "main",
        "rev": "e80601eb03ecafe63f0fdc2b31787fc5cdf31894",
        "shallow": true,
        "type": "git",
        "url": "https://github.com/mksglu/context-mode.git"
      },
      "original": {
        "ref": "main",
        "shallow": true,
        "type": "git",
        "url": "https://github.com/mksglu/context-mode.git"
      }
    },
    "determinate": {
      "inputs": {
        "determinate-nixd-aarch64-darwin": "determinate-nixd-aarch64-darwin",
        "determinate-nixd-aarch64-linux": "determinate-nixd-aarch64-linux",
        "determinate-nixd-x86_64-linux": "determinate-nixd-x86_64-linux",
        "nix": "nix",
        "nixpkgs": "nixpkgs_2"
      },
      "locked": {
        "lastModified": 1789681713,
        "narHash": "sha256-6KPsQyUeKKlTJmI4VXijP+B4+zi5FCEXOscFxMm8zHQ=",
        "rev": "35e914102d4992b10bac4c12e94ec606d109633d",
        "revCount": 438,
        "type": "tarball",
        "url": "https://api.flakehub.com/f/pinned/DeterminateSystems/determinate/3.22.5/01a0b15b-1d43-7be1-beb0-8aa22a4d3d93/source.tar.gz"
      },
      "original": {
        "type": "tarball",
        "url": "https://api.flakehub.com/f/pinned/DeterminateSystems/determinate/3.22.5/01a0b15b-1d43-7be1-beb0-8aa22a4d3d93/source.tar.gz"
      }
    },
    "determinate-nixd-aarch64-darwin": {
      "flake": false,
      "locked": {
        "narHash": "sha256-QuBUghdOXgnIXX25fUNvBnpjeSgIebz7uCHK6E5K1qc=",
        "type": "file",
        "url": "https://install.determinate.systems/determinate-nixd/tag/v3.22.5/macOS"
      },
      "original": {
        "type": "file",
        "url": "https://install.determinate.systems/determinate-nixd/tag/v3.22.5/macOS"
      }
    },
    "determinate-nixd-aarch64-linux": {
      "flake": false,
      "locked": {
        "narHash": "sha256-XT6fkS0rMzQErYmxw0kMb4bQCgLat0v0OgcMidj0Srw=",
        "type": "file",
        "url": "https://install.determinate.systems/determinate-nixd/tag/v3.22.5/aarch64-linux"
      },
      "original": {
        "type": "file",
        "url": "https://install.determinate.systems/determinate-nixd/tag/v3.22.5/aarch64-linux"
      }
    },
    "determinate-nixd-x86_64-linux": {
      "flake": false,
      "locked": {
        "narHash": "sha256-JlMPuS0nwupTaJ4fvr14R519hUBupHteDNshGhCdMM8=",
        "type": "file",
        "url": "https://install.determinate.systems/determinate-nixd/tag/v3.22.5/x86_64-linux"
      },
      "original": {
        "type": "file",
        "url": "https://install.determinate.systems/determinate-nixd/tag/v3.22.5/x86_64-linux"
      }
    },
    "flake-compat": {
      "flake": false,
      "locked": {
        "lastModified": 1767039857,
        "narHash": "sha256-vNpUSpF5Nuw8xvDLj2KCwwksIbjua2LZCqhV1LNRDns=",
        "ref": "refs/heads/master",
        "rev": "5edf11c44bc78a0d334f6334cdaf7d60d732daab",
        "shallow": true,
        "type": "git",
        "url": "https://github.com/NixOS/flake-compat.git"
      },
      "original": {
        "rev": "5edf11c44bc78a0d334f6334cdaf7d60d732daab",
        "shallow": true,
        "type": "git",
        "url": "https://github.com/NixOS/flake-compat.git"
      }
    },
    "flake-parts": {
      "inputs": {
        "nixpkgs-lib": [
          "determinate",
          "nix",
          "nixpkgs"
        ]
      },
      "locked": {
        "lastModified": 1782949081,
        "narHash": "sha256-vp6Y/Grm98ESt6ceOkWiHWyZRDV3J1RID4w+6NWK9yA=",
        "rev": "17c9d6cdfc60c64f4ee8d306f9bc0b4ccb51481e",
        "revCount": 480,
        "type": "tarball",
        "url": "https://api.flakehub.com/f/pinned/hercules-ci/flake-parts/0.1.480%2Brev-17c9d6cdfc60c64f4ee8d306f9bc0b4ccb51481e/019f2195-dee5-7233-9747-eca0c27f7406/source.tar.gz"
      },
      "original": {
        "type": "tarball",
        "url": "https://api.flakehub.com/f/pinned/hercules-ci/flake-parts/0.1.480%2Brev-17c9d6cdfc60c64f4ee8d306f9bc0b4ccb51481e/019f2195-dee5-7233-9747-eca0c27f7406/source.tar.gz"
      }
    },
    "flake-parts_2": {
      "inputs": {
        "nixpkgs-lib": [
          "llm-agents",
          "nixpkgs"
        ]
      },
      "locked": {
        "lastModified": 1788450739,
        "narHash": "sha256-glZLQlzIn1fXH6PazR2iUmTo7kzzyYSshrWhLS9TqCU=",
        "ref": "refs/heads/main",
        "rev": "31729ca8cbdb4fa927b34e5f4353e6a83f39e993",
        "shallow": true,
        "type": "git",
        "url": "https://github.com/hercules-ci/flake-parts.git"
      },
      "original": {
        "rev": "31729ca8cbdb4fa927b34e5f4353e6a83f39e993",
        "shallow": true,
        "type": "git",
        "url": "https://github.com/hercules-ci/flake-parts.git"
      }
    },
    "gentle-ai": {
      "flake": false,
      "locked": {
        "lastModified": 1790316472,
        "narHash": "sha256-/x9IuKMswcWuNrIgAIW3DiyemcCVhg0RaxcG/o/r01s=",
        "ref": "refs/heads/main",
        "rev": "ece42b1ebef0070e170726c4d44fc3bd7a77e736",
        "shallow": true,
        "type": "git",
        "url": "https://github.com/Gentleman-Programming/gentle-ai.git"
      },
      "original": {
        "shallow": true,
        "type": "git",
        "url": "https://github.com/Gentleman-Programming/gentle-ai.git"
      }
    },
    "git-hooks-nix": {
      "inputs": {
        "flake-compat": "flake-compat",
        "nixpkgs": [
          "determinate",
          "nix",
          "nixpkgs"
        ]
      },
      "locked": {
        "lastModified": 1784288435,
        "narHash": "sha256-ReRHaLgr/uVqdD8afFSn+myXIfpHeOhP0yYe0TJqAA8=",
        "rev": "43b3c1ab9d40fb1dbb008f451988a91e375825e9",
        "revCount": 1231,
        "type": "tarball",
        "url": "https://api.flakehub.com/f/pinned/cachix/git-hooks.nix/0.1.1231%2Brev-43b3c1ab9d40fb1dbb008f451988a91e375825e9/019f7135-8fdf-76f0-b1a1-d2c67e91af8d/source.tar.gz"
      },
      "original": {
        "type": "tarball",
        "url": "https://api.flakehub.com/f/pinned/cachix/git-hooks.nix/0.1.1231%2Brev-43b3c1ab9d40fb1dbb008f451988a91e375825e9/019f7135-8fdf-76f0-b1a1-d2c67e91af8d/source.tar.gz"
      }
    },
    "home-manager": {
      "inputs": {
        "nixpkgs": [
          "nixpkgs"
        ]
      },
      "locked": {
        "lastModified": 1790292277,
        "narHash": "sha256-z+knvdMItRrMonmG4RIsqKYIa/hwYUzKjotDTfC5DDc=",
        "ref": "master",
        "rev": "4b9add8645d5e2b0f7de18f7a442d08fe2bdcc91",
        "shallow": true,
        "type": "git",
        "url": "https://github.com/nix-community/home-manager.git"
      },
      "original": {
        "ref": "master",
        "shallow": true,
        "type": "git",
        "url": "https://github.com/nix-community/home-manager.git"
      }
    },
    "humanizer": {
      "flake": false,
      "locked": {
        "lastModified": 1788725873,
        "narHash": "sha256-tC7vHxHDzTRgpsF7i6YnKWhAbrkeclspRJVK1osRE24=",
        "ref": "refs/heads/main",
        "rev": "9862685f575c65a8247f90369951df1b3416e3d6",
        "shallow": true,
        "type": "git",
        "url": "https://github.com/blader/humanizer.git"
      },
      "original": {
        "shallow": true,
        "type": "git",
        "url": "https://github.com/blader/humanizer.git"
      }
    },
    "llm-agents": {
      "inputs": {
        "bun2nix": "bun2nix",
        "flake-parts": "flake-parts_2",
        "nixpkgs": "nixpkgs_3",
        "systems": "systems",
        "treefmt-nix": "treefmt-nix"
      },
      "locked": {
        "lastModified": 1790311386,
        "narHash": "sha256-bOexMr1RcAS6PFcMnEfwe5apsEoaLmSUUxlqUftd2uU=",
        "ref": "refs/heads/main",
        "rev": "1446b3cb242c8cd24619b58054112cc2d870e591",
        "shallow": true,
        "type": "git",
        "url": "https://github.com/numtide/llm-agents.nix.git"
      },
      "original": {
        "rev": "1446b3cb242c8cd24619b58054112cc2d870e591",
        "shallow": true,
        "type": "git",
        "url": "https://github.com/numtide/llm-agents.nix.git"
      }
    },
    "nix": {
      "inputs": {
        "flake-parts": "flake-parts",
        "git-hooks-nix": "git-hooks-nix",
        "nixpkgs": "nixpkgs",
        "nixpkgs-23-11": "nixpkgs-23-11",
        "nixpkgs-regression": "nixpkgs-regression"
      },
      "locked": {
        "lastModified": 1789679063,
        "narHash": "sha256-5rX9rK1y8NpOaYyL+cn1P2O5re+ON2Wpo39J8/LLCXI=",
        "rev": "6468ca430b298865100b753ec21687aba457a05c",
        "revCount": 27345,
        "type": "tarball",
        "url": "https://api.flakehub.com/f/pinned/DeterminateSystems/nix-src/3.22.5/01a0b14c-a282-7291-953e-6e8ddd04304b/source.tar.gz"
      },
      "original": {
        "type": "tarball",
        "url": "https://api.flakehub.com/f/pinned/DeterminateSystems/nix-src/3.22.5/01a0b14c-a282-7291-953e-6e8ddd04304b/source.tar.gz"
      }
    },
    "nix-darwin": {
      "inputs": {
        "nixpkgs": [
          "nixpkgs"
        ]
      },
      "locked": {
        "lastModified": 1786845137,
        "narHash": "sha256-oQFip+v0luP8NIxJzmiW4Wu8bILsbFWom5l0zonl8hQ=",
        "ref": "master",
        "rev": "4cff07de74b50e64bdd68cd4e722ab5b6b35ee48",
        "shallow": true,
        "type": "git",
        "url": "https://github.com/nix-darwin/nix-darwin.git"
      },
      "original": {
        "ref": "master",
        "shallow": true,
        "type": "git",
        "url": "https://github.com/nix-darwin/nix-darwin.git"
      }
    },
    "nix-homebrew": {
      "inputs": {
        "brew-src": "brew-src"
      },
      "locked": {
        "lastModified": 1789928041,
        "narHash": "sha256-iV37ieTcE4ZLOYEe0VznW6dWMBe4lEL8AbK1vblyZGM=",
        "ref": "refs/heads/main",
        "rev": "c11cccfdd36dd69b5323d70d354b2853379c2426",
        "shallow": true,
        "type": "git",
        "url": "https://github.com/zhaofengli/nix-homebrew.git"
      },
      "original": {
        "rev": "c11cccfdd36dd69b5323d70d354b2853379c2426",
        "shallow": true,
        "type": "git",
        "url": "https://github.com/zhaofengli/nix-homebrew.git"
      }
    },
    "nixpkgs": {
      "locked": {
        "lastModified": 1787962033,
        "narHash": "sha256-u6z9VTZA4Kf3RkHQo9sQI7NI4Ei/uiU9vrMqOiwWP1Y=",
        "rev": "c5c4a43b0e8056328ec4529f735cabdb8f1942bb",
        "revCount": 1012930,
        "type": "tarball",
        "url": "https://api.flakehub.com/f/pinned/NixOS/nixpkgs/0.2605.1012930%2Brev-c5c4a43b0e8056328ec4529f735cabdb8f1942bb/01a053c0-7061-7382-b001-102e9148a5b5/source.tar.gz"
      },
      "original": {
        "type": "tarball",
        "url": "https://api.flakehub.com/f/pinned/NixOS/nixpkgs/0.2605.1012930%2Brev-c5c4a43b0e8056328ec4529f735cabdb8f1942bb/01a053c0-7061-7382-b001-102e9148a5b5/source.tar.gz"
      }
    },
    "nixpkgs-23-11": {
      "locked": {
        "lastModified": 1717159533,
        "narHash": "sha256-oamiKNfr2MS6yH64rUn99mIZjc45nGJlj9eGth/3Xuw=",
        "ref": "refs/heads/master",
        "rev": "a62e6edd6d5e1fa0329b8653c801147986f8d446",
        "shallow": true,
        "type": "git",
        "url": "https://github.com/NixOS/nixpkgs.git"
      },
      "original": {
        "rev": "a62e6edd6d5e1fa0329b8653c801147986f8d446",
        "shallow": true,
        "type": "git",
        "url": "https://github.com/NixOS/nixpkgs.git"
      }
    },
    "nixpkgs-firefox-darwin": {
      "inputs": {
        "nixpkgs": [
          "nixpkgs"
        ]
      },
      "locked": {
        "lastModified": 1790304710,
        "narHash": "sha256-xTsOG3PwJjWwPGaUyr8HwAdjwiu5mcqlCCSADM5U9rU=",
        "ref": "refs/heads/main",
        "rev": "547b55c83f5afe56157206d6fde9c3b56414bd73",
        "shallow": true,
        "type": "git",
        "url": "https://github.com/bandithedoge/nixpkgs-firefox-darwin.git"
      },
      "original": {
        "shallow": true,
        "type": "git",
        "url": "https://github.com/bandithedoge/nixpkgs-firefox-darwin.git"
      }
    },
    "nixpkgs-regression": {
      "locked": {
        "lastModified": 1643052045,
        "narHash": "sha256-uGJ0VXIhWKGXxkeNnq4TvV3CIOkUJ3PAoLZ3HMzNVMw=",
        "ref": "refs/heads/master",
        "rev": "215d4d0fd80ca5163643b03a33fde804a29cc1e2",
        "shallow": true,
        "type": "git",
        "url": "https://github.com/NixOS/nixpkgs.git"
      },
      "original": {
        "rev": "215d4d0fd80ca5163643b03a33fde804a29cc1e2",
        "shallow": true,
        "type": "git",
        "url": "https://github.com/NixOS/nixpkgs.git"
      }
    },
    "nixpkgs_2": {
      "locked": {
        "lastModified": 1788752844,
        "narHash": "sha256-VaWGJ6+cIYN2erfSecbRV+4ljI185Ty2wUrXyvQbgOw=",
        "rev": "dc5d91f840324650bac8c379428c7037a416959a",
        "revCount": 1068949,
        "type": "tarball",
        "url": "https://api.flakehub.com/f/pinned/DeterminateSystems/nixpkgs-weekly/0.1.1068949%2Brev-dc5d91f840324650bac8c379428c7037a416959a/01a0a392-87f7-7a12-88cf-358485bd5ec1/source.tar.gz"
      },
      "original": {
        "type": "tarball",
        "url": "https://api.flakehub.com/f/pinned/DeterminateSystems/nixpkgs-weekly/0.1.1068949%2Brev-dc5d91f840324650bac8c379428c7037a416959a/01a0a392-87f7-7a12-88cf-358485bd5ec1/source.tar.gz"
      }
    },
    "nixpkgs_3": {
      "locked": {
        "lastModified": 1790238896,
        "narHash": "sha256-ym4BG18Pu2awiJIehla1Lo9xiB2QYRcCzW3SB74gEBY=",
        "ref": "refs/heads/master",
        "rev": "34ca302a9572963c02e385c056be37c85ff51b77",
        "shallow": true,
        "type": "git",
        "url": "https://github.com/NixOS/nixpkgs.git"
      },
      "original": {
        "rev": "34ca302a9572963c02e385c056be37c85ff51b77",
        "shallow": true,
        "type": "git",
        "url": "https://github.com/NixOS/nixpkgs.git"
      }
    },
    "nixpkgs_4": {
      "locked": {
        "lastModified": 1790238896,
        "narHash": "sha256-ym4BG18Pu2awiJIehla1Lo9xiB2QYRcCzW3SB74gEBY=",
        "ref": "nixpkgs-unstable",
        "rev": "34ca302a9572963c02e385c056be37c85ff51b77",
        "shallow": true,
        "type": "git",
        "url": "https://github.com/NixOS/nixpkgs.git"
      },
      "original": {
        "ref": "nixpkgs-unstable",
        "shallow": true,
        "type": "git",
        "url": "https://github.com/NixOS/nixpkgs.git"
      }
    },
    "pi-anthropic-web-fetch-source": {
      "flake": false,
      "locked": {
        "lastModified": 1790234577,
        "narHash": "sha256-bpuIriS/OeWhpK2Se9aMHXcxtNgCG1IzZNym3b0S/Ro=",
        "ref": "main",
        "rev": "b0625f7c90743359d5adfab278a30ca30d92e560",
        "shallow": true,
        "type": "git",
        "url": "https://github.com/code-yeongyu/pi-anthropic-web-fetch.git"
      },
      "original": {
        "ref": "main",
        "shallow": true,
        "type": "git",
        "url": "https://github.com/code-yeongyu/pi-anthropic-web-fetch.git"
      }
    },
    "pi-anthropic-web-search-source": {
      "flake": false,
      "locked": {
        "lastModified": 1790231895,
        "narHash": "sha256-Cop3t5VwAjfPFWdRx03RgZrmi4EzYVqsieTCZoeyltA=",
        "ref": "main",
        "rev": "ae0c7ac51fef2168b5bec775e958d47742a23ed7",
        "shallow": true,
        "type": "git",
        "url": "https://github.com/code-yeongyu/pi-anthropic-web-search.git"
      },
      "original": {
        "ref": "main",
        "shallow": true,
        "type": "git",
        "url": "https://github.com/code-yeongyu/pi-anthropic-web-search.git"
      }
    },
    "pi-codegraph-source": {
      "flake": false,
      "locked": {
        "lastModified": 1789371054,
        "narHash": "sha256-oYsx+VkTsaeVVOoNVukup2HxmvvSYz5FNXZ227q+FOo=",
        "ref": "main",
        "rev": "dc9101df9b339f4d53ce78d61b16f824725e3f4b",
        "shallow": true,
        "type": "git",
        "url": "https://github.com/isac322/pi-codegraph.git"
      },
      "original": {
        "ref": "main",
        "shallow": true,
        "type": "git",
        "url": "https://github.com/isac322/pi-codegraph.git"
      }
    },
    "pi-google-google-search-source": {
      "flake": false,
      "locked": {
        "lastModified": 1790235254,
        "narHash": "sha256-j02eFBen17IOtrZlCRAMssA7iQTC0DjFmZw00n/jseE=",
        "ref": "main",
        "rev": "eb0d69af7d5df581faaa8f52776a8a583ad6c778",
        "shallow": true,
        "type": "git",
        "url": "https://github.com/code-yeongyu/pi-google-google-search.git"
      },
      "original": {
        "ref": "main",
        "shallow": true,
        "type": "git",
        "url": "https://github.com/code-yeongyu/pi-google-google-search.git"
      }
    },
    "pi-google-url-context-source": {
      "flake": false,
      "locked": {
        "lastModified": 1790235271,
        "narHash": "sha256-TXIzxas5T0kP1ztzw20+Me7n9oo5ksf0h2XjJMppuOk=",
        "ref": "main",
        "rev": "07592e0de9f98b3b6e6c256f87605e95462ad7dd",
        "shallow": true,
        "type": "git",
        "url": "https://github.com/code-yeongyu/pi-google-url-context.git"
      },
      "original": {
        "ref": "main",
        "shallow": true,
        "type": "git",
        "url": "https://github.com/code-yeongyu/pi-google-url-context.git"
      }
    },
    "pi-openai-web-search-source": {
      "flake": false,
      "locked": {
        "lastModified": 1790231677,
        "narHash": "sha256-thIR3bIjwg92iaCRCqSw7YfdnCyJ4iCGwNzezI7xOxo=",
        "ref": "main",
        "rev": "7e11a74785e2f2d8e145318724468049e15cc098",
        "shallow": true,
        "type": "git",
        "url": "https://github.com/code-yeongyu/pi-openai-web-search.git"
      },
      "original": {
        "ref": "main",
        "shallow": true,
        "type": "git",
        "url": "https://github.com/code-yeongyu/pi-openai-web-search.git"
      }
    },
    "root": {
      "inputs": {
        "agent-toolkit": "agent-toolkit",
        "camofox-browser-source": "camofox-browser-source",
        "context-mode-source": "context-mode-source",
        "determinate": "determinate",
        "gentle-ai": "gentle-ai",
        "home-manager": "home-manager",
        "humanizer": "humanizer",
        "llm-agents": "llm-agents",
        "nix-darwin": "nix-darwin",
        "nix-homebrew": "nix-homebrew",
        "nixpkgs": "nixpkgs_4",
        "nixpkgs-firefox-darwin": "nixpkgs-firefox-darwin",
        "pi-anthropic-web-fetch-source": "pi-anthropic-web-fetch-source",
        "pi-anthropic-web-search-source": "pi-anthropic-web-search-source",
        "pi-codegraph-source": "pi-codegraph-source",
        "pi-google-google-search-source": "pi-google-google-search-source",
        "pi-google-url-context-source": "pi-google-url-context-source",
        "pi-openai-web-search-source": "pi-openai-web-search-source",
        "rust-overlay-source": "rust-overlay-source",
        "skillclaw": "skillclaw",
        "zsh-auto-notify-source": "zsh-auto-notify-source"
      }
    },
    "rust-overlay-source": {
      "flake": false,
      "locked": {
        "lastModified": 1790234952,
        "narHash": "sha256-tjQa1vDoHJir4lasZTakz/xgmsfB6SRjeQqaIbefFOk=",
        "ref": "master",
        "rev": "ed34466c59b766481248959a21a6e46cf0c60468",
        "shallow": true,
        "type": "git",
        "url": "https://github.com/oxalica/rust-overlay.git"
      },
      "original": {
        "ref": "master",
        "shallow": true,
        "type": "git",
        "url": "https://github.com/oxalica/rust-overlay.git"
      }
    },
    "skillclaw": {
      "flake": false,
      "locked": {
        "lastModified": 1786956487,
        "narHash": "sha256-a4uQQYZhQpqfA9SzoTHF8HopVkwXeY9qBmA+Ck6K9co=",
        "ref": "refs/heads/main",
        "rev": "3938f7537645c961d94498a0a79fc0a977019595",
        "shallow": true,
        "type": "git",
        "url": "https://github.com/AMAP-ML/SkillClaw.git"
      },
      "original": {
        "shallow": true,
        "type": "git",
        "url": "https://github.com/AMAP-ML/SkillClaw.git"
      }
    },
    "systems": {
      "locked": {
        "lastModified": 1681028828,
        "narHash": "sha256-Vy1rq5AaRuLzOxct8nz4T6wlgyUR7zLU309k9mBC768=",
        "ref": "refs/heads/main",
        "rev": "da67096a3b9bf56a91d16901293e51ba5b49a27e",
        "shallow": true,
        "type": "git",
        "url": "https://github.com/nix-systems/default.git"
      },
      "original": {
        "rev": "da67096a3b9bf56a91d16901293e51ba5b49a27e",
        "shallow": true,
        "type": "git",
        "url": "https://github.com/nix-systems/default.git"
      }
    },
    "treefmt-nix": {
      "inputs": {
        "nixpkgs": [
          "llm-agents",
          "nixpkgs"
        ]
      },
      "locked": {
        "lastModified": 1786901030,
        "narHash": "sha256-WSFCsDSE5ffgD2MqzkM2CYjeFiKhRF/dJUN8uedb6YE=",
        "ref": "refs/heads/main",
        "rev": "27b3b12a8e6375f28ebe122f07d230ca5459bbfa",
        "shallow": true,
        "type": "git",
        "url": "https://github.com/numtide/treefmt-nix.git"
      },
      "original": {
        "rev": "27b3b12a8e6375f28ebe122f07d230ca5459bbfa",
        "shallow": true,
        "type": "git",
        "url": "https://github.com/numtide/treefmt-nix.git"
      }
    },
    "zsh-auto-notify-source": {
      "flake": false,
      "locked": {
        "lastModified": 1750669386,
        "narHash": "sha256-s3TBAsXOpmiXMAQkbaS5de0t0hNC1EzUUb0ZG+p9keE=",
        "ref": "master",
        "rev": "b51c934d88868e56c1d55d0a2a36d559f21cb2ee",
        "shallow": true,
        "type": "git",
        "url": "https://github.com/MichaelAquilina/zsh-auto-notify.git"
      },
      "original": {
        "ref": "master",
        "shallow": true,
        "type": "git",
        "url": "https://github.com/MichaelAquilina/zsh-auto-notify.git"
      }
    }
  },
  "root": "root",
  "version": 7
}
